
Microsoft Visual Studio Solution File, Format Version 12.00
# Visual Studio Version 17
VisualStudioVersion = 17.7.33808.371
MinimumVisualStudioVersion = 10.0.40219.1
Project("{2150E333-8FDC-42A3-9474-1A3956D46DE8}") = "Services", "Services", "{14EB4007-9F3A-452F-B332-8C18E8ECE445}"
EndProject
Project("{FAE04EC0-301F-11D3-BF4B-00C04F79EFBC}") = "SeventhHeaven.Services.Coupon.Cmd.Api", "SeventhHeaven.Services.Coupon.Cmd.Api\SeventhHeaven.Services.Coupon.Cmd.Api.csproj", "{ED1E2FD7-9115-452F-87E8-63615C4267E5}"
EndProject
Project("{FAE04EC0-301F-11D3-BF4B-00C04F79EFBC}") = "SeventhHeaven.Services.Coupon.Query.Api", "SeventhHeaven.Services.Coupon.Query.Api\SeventhHeaven.Services.Coupon.Query.Api.csproj", "{CB0BA6AA-49EE-4FE5-8932-2D894F84AAD9}"
EndProject
Project("{FAE04EC0-301F-11D3-BF4B-00C04F79EFBC}") = "SeventhHeaven.Services.Coupon.Cmd.Domain", "SeventhHeaven.Services.Coupon.Cmd.Domain\SeventhHeaven.Services.Coupon.Cmd.Domain.csproj", "{623D7A2C-33C3-4132-A565-AA421EF31E9A}"
EndProject
Project("{FAE04EC0-301F-11D3-BF4B-00C04F79EFBC}") = "SeventhHeaven.Services.Coupon.Query.Domain", "SeventhHeaven.Services.Coupon.Query.Domain\SeventhHeaven.Services.Coupon.Query.Domain.csproj", "{6FD1B469-41E0-4237-8114-B3E0F8CE433A}"
EndProject
Project("{FAE04EC0-301F-11D3-BF4B-00C04F79EFBC}") = "SeventhHeaven.Services.Coupon.Cmd.Infrastructure", "SeventhHeaven.Services.Coupon.Cmd.Infrastructure\SeventhHeaven.Services.Coupon.Cmd.Infrastructure.csproj", "{75AA2FA5-9DD0-4E5E-944B-BB155D692A75}"
EndProject
Project("{FAE04EC0-301F-11D3-BF4B-00C04F79EFBC}") = "SeventhHeaven.Services.Coupon.Query.Infrastructure", "SeventhHeaven.Services.Coupon.Query.Infrastructure\SeventhHeaven.Services.Coupon.Query.Infrastructure.csproj", "{99C0E50E-AEDE-48BC-95D4-F3271A22537F}"
EndProject
Project("{FAE04EC0-301F-11D3-BF4B-00C04F79EFBC}") = "SeventhHeaven.EventSourcing.Core", "SeventhHeaven.EventSourcing.Core\SeventhHeaven.EventSourcing.Core.csproj", "{4F91BA8D-54F1-4550-A612-FBE9E30DBA8B}"
EndProject
Project("{2150E333-8FDC-42A3-9474-1A3956D46DE8}") = "Coupon", "Coupon", "{2796E148-C4C4-4C01-92B7-6FB42EAFB5CE}"
EndProject
Project("{2150E333-8FDC-42A3-9474-1A3956D46DE8}") = "Cmd", "Cmd", "{3EC79C5A-8096-40CF-9C0D-2871A6B6A397}"
EndProject
Project("{2150E333-8FDC-42A3-9474-1A3956D46DE8}") = "Query", "Query", "{031284A1-043F-41A1-91A8-E40E5834A481}"
EndProject
Project("{FAE04EC0-301F-11D3-BF4B-00C04F79EFBC}") = "SeventhHeaven.Services.Coupon.Common", "SeventhHeaven.Services.Coupon.Common\SeventhHeaven.Services.Coupon.Common.csproj", "{4313B061-8063-4EA3-A9B8-1534B6EC8274}"
EndProject
Global
	GlobalSection(SolutionConfigurationPlatforms) = preSolution
		Debug|Any CPU = Debug|Any CPU
		Release|Any CPU = Release|Any CPU
	EndGlobalSection
	GlobalSection(ProjectConfigurationPlatforms) = postSolution
		{ED1E2FD7-9115-452F-87E8-63615C4267E5}.Debug|Any CPU.ActiveCfg = Debug|Any CPU
		{ED1E2FD7-9115-452F-87E8-63615C4267E5}.Debug|Any CPU.Build.0 = Debug|Any CPU
		{ED1E2FD7-9115-452F-87E8-63615C4267E5}.Release|Any CPU.ActiveCfg = Release|Any CPU
		{ED1E2FD7-9115-452F-87E8-63615C4267E5}.Release|Any CPU.Build.0 = Release|Any CPU
		{CB0BA6AA-49EE-4FE5-8932-2D894F84AAD9}.Debug|Any CPU.ActiveCfg = Debug|Any CPU
		{CB0BA6AA-49EE-4FE5-8932-2D894F84AAD9}.Debug|Any CPU.Build.0 = Debug|Any CPU
		{CB0BA6AA-49EE-4FE5-8932-2D894F84AAD9}.Release|Any CPU.ActiveCfg = Release|Any CPU
		{CB0BA6AA-49EE-4FE5-8932-2D894F84AAD9}.Release|Any CPU.Build.0 = Release|Any CPU
		{623D7A2C-33C3-4132-A565-AA421EF31E9A}.Debug|Any CPU.ActiveCfg = Debug|Any CPU
		{623D7A2C-33C3-4132-A565-AA421EF31E9A}.Debug|Any CPU.Build.0 = Debug|Any CPU
		{623D7A2C-33C3-4132-A565-AA421EF31E9A}.Release|Any CPU.ActiveCfg = Release|Any CPU
		{623D7A2C-33C3-4132-A565-AA421EF31E9A}.Release|Any CPU.Build.0 = Release|Any CPU
		{6FD1B469-41E0-4237-8114-B3E0F8CE433A}.Debug|Any CPU.ActiveCfg = Debug|Any CPU
		{6FD1B469-41E0-4237-8114-B3E0F8CE433A}.Debug|Any CPU.Build.0 = Debug|Any CPU
		{6FD1B469-41E0-4237-8114-B3E0F8CE433A}.Release|Any CPU.ActiveCfg = Release|Any CPU
		{6FD1B469-41E0-4237-8114-B3E0F8CE433A}.Release|Any CPU.Build.0 = Release|Any CPU
		{75AA2FA5-9DD0-4E5E-944B-BB155D692A75}.Debug|Any CPU.ActiveCfg = Debug|Any CPU
		{75AA2FA5-9DD0-4E5E-944B-BB155D692A75}.Debug|Any CPU.Build.0 = Debug|Any CPU
		{75AA2FA5-9DD0-4E5E-944B-BB155D692A75}.Release|Any CPU.ActiveCfg = Release|Any CPU
		{75AA2FA5-9DD0-4E5E-944B-BB155D692A75}.Release|Any CPU.Build.0 = Release|Any CPU
		{99C0E50E-AEDE-48BC-95D4-F3271A22537F}.Debug|Any CPU.ActiveCfg = Debug|Any CPU
		{99C0E50E-AEDE-48BC-95D4-F3271A22537F}.Debug|Any CPU.Build.0 = Debug|Any CPU
		{99C0E50E-AEDE-48BC-95D4-F3271A22537F}.Release|Any CPU.ActiveCfg = Release|Any CPU
		{99C0E50E-AEDE-48BC-95D4-F3271A22537F}.Release|Any CPU.Build.0 = Release|Any CPU
		{4F91BA8D-54F1-4550-A612-FBE9E30DBA8B}.Debug|Any CPU.ActiveCfg = Debug|Any CPU
		{4F91BA8D-54F1-4550-A612-FBE9E30DBA8B}.Debug|Any CPU.Build.0 = Debug|Any CPU
		{4F91BA8D-54F1-4550-A612-FBE9E30DBA8B}.Release|Any CPU.ActiveCfg = Release|Any CPU
		{4F91BA8D-54F1-4550-A612-FBE9E30DBA8B}.Release|Any CPU.Build.0 = Release|Any CPU
		{4313B061-8063-4EA3-A9B8-1534B6EC8274}.Debug|Any CPU.ActiveCfg = Debug|Any CPU
		{4313B061-8063-4EA3-A9B8-1534B6EC8274}.Debug|Any CPU.Build.0 = Debug|Any CPU
		{4313B061-8063-4EA3-A9B8-1534B6EC8274}.Release|Any CPU.ActiveCfg = Release|Any CPU
		{4313B061-8063-4EA3-A9B8-1534B6EC8274}.Release|Any CPU.Build.0 = Release|Any CPU
	EndGlobalSection
	GlobalSection(SolutionProperties) = preSolution
		HideSolutionNode = FALSE
	EndGlobalSection
	GlobalSection(NestedProjects) = preSolution
		{ED1E2FD7-9115-452F-87E8-63615C4267E5} = {3EC79C5A-8096-40CF-9C0D-2871A6B6A397}
		{CB0BA6AA-49EE-4FE5-8932-2D894F84AAD9} = {031284A1-043F-41A1-91A8-E40E5834A481}
		{623D7A2C-33C3-4132-A565-AA421EF31E9A} = {3EC79C5A-8096-40CF-9C0D-2871A6B6A397}
		{6FD1B469-41E0-4237-8114-B3E0F8CE433A} = {031284A1-043F-41A1-91A8-E40E5834A481}
		{75AA2FA5-9DD0-4E5E-944B-BB155D692A75} = {3EC79C5A-8096-40CF-9C0D-2871A6B6A397}
		{99C0E50E-AEDE-48BC-95D4-F3271A22537F} = {031284A1-043F-41A1-91A8-E40E5834A481}
		{2796E148-C4C4-4C01-92B7-6FB42EAFB5CE} = {14EB4007-9F3A-452F-B332-8C18E8ECE445}
		{3EC79C5A-8096-40CF-9C0D-2871A6B6A397} = {2796E148-C4C4-4C01-92B7-6FB42EAFB5CE}
		{031284A1-043F-41A1-91A8-E40E5834A481} = {2796E148-C4C4-4C01-92B7-6FB42EAFB5CE}
		{4313B061-8063-4EA3-A9B8-1534B6EC8274} = {2796E148-C4C4-4C01-92B7-6FB42EAFB5CE}
	EndGlobalSection
	GlobalSection(ExtensibilityGlobals) = postSolution
		SolutionGuid = {3D0107F1-D6B0-49A3-AF53-B5A5FFAEEF4C}
	EndGlobalSection
EndGlobal
